PODS:
  - GGXSwiftExtension (0.5.3)
  - HandyJSON (5.0.6)
  - KeychainAccess (4.2.2)
  - PKHUD (5.3.0)
  - ReachabilitySwift (5.2.1)
  - RxCocoa (6.6.0):
    - RxRelay (= 6.6.0)
    - RxSwift (= 6.6.0)
  - RxRelay (6.6.0):
    - RxSwift (= 6.6.0)
  - RxSwift (6.6.0)
  - SnapKit (5.7.1)
  - ZKBaseSwiftProject (0.4.3):
    - GGXSwiftExtension
    - HandyJSON
    - KeychainAccess
    - PKHUD
    - ReachabilitySwift
    - RxCocoa
    - RxSwift
    - SnapKit

DEPENDENCIES:
  - ZKBaseSwiftProject (from `../`)

SPEC REPOS:
  https://gitee.com/china_ios/cocoapods-specs.git:
    - HandyJSON
  https://github.com/CocoaPods/Specs.git:
    - GGXSwiftExtension
    - KeychainAccess
    - PKHUD
    - ReachabilitySwift
    - RxCocoa
    - RxRelay
    - RxSwift
    - SnapKit

EXTERNAL SOURCES:
  ZKBaseSwiftProject:
    :path: "../"

SPEC CHECKSUMS:
  GGXSwiftExtension: 5398477254d67cfd153849b47849f347399f15e8
  HandyJSON: dc200ff32c30bd642853994bf478897fd09a52ff
  KeychainAccess: c0c4f7f38f6fc7bbe58f5702e25f7bd2f65abf51
  PKHUD: 98f3e4bc904b9c916f1c5bb6d765365b5357291b
  ReachabilitySwift: 5ae15e16814b5f9ef568963fb2c87aeb49158c66
  RxCocoa: 44a80de90e25b739b5aeaae3c8c371a32e3343cc
  RxRelay: 45eaa5db8ee4fb50e5ebd57deec0159e97fa51e6
  RxSwift: a4b44f7d24599f674deebd1818eab82e58410632
  SnapKit: d612e99e678a2d3b95bf60b0705ed0a35c03484a
  ZKBaseSwiftProject: 567bd2faceee707647361609f1154b9a12320bb3

PODFILE CHECKSUM: 4d7322281ef2df0d9128fc1af5c63c774a328fce

COCOAPODS: 1.15.0
