PODS:
  - FBSnapshotTestCase (2.1.4):
    - FBSnapshotTestCase/SwiftSupport (= 2.1.4)
  - FBSnapshotTestCase/Core (2.1.4)
  - FBSnapshotTestCase/SwiftSupport (2.1.4):
    - FBSnapshotTestCase/Core
  - GGXSwiftExtension (0.3.3)
  - HandyJSON (5.0.2)
  - ReachabilitySwift (5.0.0)
  - SnapKit (5.6.0)
  - ZKBaseSwiftProject (0.2.8):
    - GGXSwiftExtension
    - HandyJSON
    - ReachabilitySwift
    - SnapKit

DEPENDENCIES:
  - FBSnapshotTestCase (~> 2.1.4)
  - ZKBaseSwiftProject (from `../`)

SPEC REPOS:
  trunk:
    - FBSnapshotTestCase
    - GGXSwiftExtension
    - HandyJSON
    - ReachabilitySwift
    - SnapKit

EXTERNAL SOURCES:
  ZKBaseSwiftProject:
    :path: "../"

SPEC CHECKSUMS:
  FBSnapshotTestCase: 094f9f314decbabe373b87cc339bea235a63e07a
  GGXSwiftExtension: fb0eb52ed0c6e76ceb65a9d69d3810c16cacdbbe
  HandyJSON: 9e4e236f5d2dbefad5155a77417bbea438201c03
  ReachabilitySwift: 985039c6f7b23a1da463388634119492ff86c825
  SnapKit: e01d52ebb8ddbc333eefe2132acf85c8227d9c25
  ZKBaseSwiftProject: 22c5a654e2c4ddaa31282094f0013096ba848dcf

PODFILE CHECKSUM: 6d2832dff92461bd227174a958aff8ad0f8d0bd9

COCOAPODS: 1.14.3
