PODS:
  - GGXSwiftExtension (0.7.4)
  - KeychainAccess (4.2.2)
  - PTDebugView (0.1.9):
    - GGXSwiftExtension
  - ReachabilitySwift (5.2.4)
  - RxCocoa (6.8.0):
    - RxRelay (= 6.8.0)
    - RxSwift (= 6.8.0)
  - RxRelay (6.8.0):
    - RxSwift (= 6.8.0)
  - RxSwift (6.8.0)
  - SnapKit (5.7.1)
  - ZKBaseSwiftProject (1.1.4):
    - GGXSwiftExtension
    - KeychainAccess
    - PTDebugView
    - ReachabilitySwift
    - RxCocoa
    - RxSwift
    - SnapKit

DEPENDENCIES:
  - ZKBaseSwiftProject (from `../`)

SPEC REPOS:
  https://github.com/CocoaPods/Specs.git:
    - GGXSwiftExtension
    - KeychainAccess
    - PTDebugView
    - ReachabilitySwift
    - RxCocoa
    - RxRelay
    - RxSwift
    - SnapKit

EXTERNAL SOURCES:
  ZKBaseSwiftProject:
    :path: "../"

SPEC CHECKSUMS:
  GGXSwiftExtension: 438330b80997b69e09968004588ce41d8ff36583
  KeychainAccess: c0c4f7f38f6fc7bbe58f5702e25f7bd2f65abf51
  PTDebugView: c719fbcf92bbcad675a9fba8a6206e863d8d021c
  ReachabilitySwift: 32793e867593cfc1177f5d16491e3a197d2fccda
  RxCocoa: 2d33c1e1e5d66492052ad46b11024ae287572880
  RxRelay: 335c78b926a2aea8d863a6d25f1ed3b5ad8e8705
  RxSwift: 4e28be97cbcfeee614af26d83415febbf2bf6f45
  SnapKit: d612e99e678a2d3b95bf60b0705ed0a35c03484a
  ZKBaseSwiftProject: 4bd21b2ddae477350e2f4f21ce42f79f66fbcd86

PODFILE CHECKSUM: 15c532f36a0cc8b5a5bd0affdca4114632d86c2d

COCOAPODS: 1.16.1
